
Microsoft Visual Studio Solution File, Format Version 12.00
# Visual Studio Version 16
VisualStudioVersion = 16.0.30711.63
MinimumVisualStudioVersion = 10.0.40219.1
Project("{FAE04EC0-301F-11D3-BF4B-00C04F79EFBC}") = "Nhom16_QuanLyBanQuanAoAdidas", "Nhom16_QuanLyBanQuanAoAdidas\Nhom16_QuanLyBanQuanAoAdidas.csproj", "{B14DABB6-69DB-4608-AA22-30504E245548}"
EndProject
Global
	GlobalSection(SolutionConfigurationPlatforms) = preSolution
		Debug|Any CPU = Debug|Any CPU
		Release|Any CPU = Release|Any CPU
	EndGlobalSection
	GlobalSection(ProjectConfigurationPlatforms) = postSolution
		{B14DABB6-69DB-4608-AA22-30504E245548}.Debug|Any CPU.ActiveCfg = Debug|Any CPU
		{B14DABB6-69DB-4608-AA22-30504E245548}.Debug|Any CPU.Build.0 = Debug|Any CPU
		{B14DABB6-69DB-4608-AA22-30504E245548}.Release|Any CPU.ActiveCfg = Release|Any CPU
		{B14DABB6-69DB-4608-AA22-30504E245548}.Release|Any CPU.Build.0 = Release|Any CPU
	EndGlobalSection
	GlobalSection(SolutionProperties) = preSolution
		HideSolutionNode = FALSE
	EndGlobalSection
	GlobalSection(ExtensibilityGlobals) = postSolution
		SolutionGuid = {CC80BD35-C237-43B3-B036-9AA3AE82DFDF}
	EndGlobalSection
EndGlobal
